Microsoft Visual Studio Solution File, Format Version 11.00
# Visual Studio 2008

Project("{3CFCE651-E667-AB85-486D-D42A8185F98A}") = "Box", "Assembly-CSharp.csproj", "{DEB95D59-7CED-D34C-FDC9-5F57AC3149C8}"
EndProject
Project("{3CFCE651-E667-AB85-486D-D42A8185F98A}") = "Box", "Assembly-CSharp-Editor.csproj", "{AAAAFAF9-B636-10F2-773C-9478D3D6B4FD}"
EndProject
Global
	GlobalSection(SolutionConfigurationPlatforms) = preSolution
		Debug|Any CPU = Debug|Any CPU
		Release|Any CPU = Release|Any CPU
	EndGlobalSection
	GlobalSection(ProjectConfigurationPlatforms) = postSolution
		{DEB95D59-7CED-D34C-FDC9-5F57AC3149C8}.Debug|Any CPU.ActiveCfg = Debug|Any CPU
		{DEB95D59-7CED-D34C-FDC9-5F57AC3149C8}.Debug|Any CPU.Build.0 = Debug|Any CPU
		{DEB95D59-7CED-D34C-FDC9-5F57AC3149C8}.Release|Any CPU.ActiveCfg = Release|Any CPU
		{DEB95D59-7CED-D34C-FDC9-5F57AC3149C8}.Release|Any CPU.Build.0 = Release|Any CPU
		{AAAAFAF9-B636-10F2-773C-9478D3D6B4FD}.Debug|Any CPU.ActiveCfg = Debug|Any CPU
		{AAAAFAF9-B636-10F2-773C-9478D3D6B4FD}.Debug|Any CPU.Build.0 = Debug|Any CPU
		{AAAAFAF9-B636-10F2-773C-9478D3D6B4FD}.Release|Any CPU.ActiveCfg = Release|Any CPU
		{AAAAFAF9-B636-10F2-773C-9478D3D6B4FD}.Release|Any CPU.Build.0 = Release|Any CPU
	EndGlobalSection
	GlobalSection(SolutionProperties) = preSolution
		HideSolutionNode = FALSE
	EndGlobalSection
	GlobalSection(MonoDevelopProperties) = preSolution
		StartupItem = Assembly-CSharp.csproj
	EndGlobalSection
EndGlobal
